{
  "name": "terrastone",
  "lockfileVersion": 2,
  "requires": true,
  "packages": {
    "": {
      "dependencies": {
        "alpinejs": "^3.1.1"
      },
      "devDependencies": {
        "@types/node": "^15.12.1"
      }
    },
    "node_modules/@types/node": {
      "version": "15.12.5",
      "resolved": "https://registry.npmjs.org/@types/node/-/node-15.12.5.tgz",
      "integrity": "sha512-se3yX7UHv5Bscf8f1ERKvQOD6sTyycH3hdaoozvaLxgUiY5lIGEeH37AD0G0Qi9kPqihPn0HOfd2yaIEN9VwEg==",
      "dev": true
    },
    "node_modules/@vue/reactivity": {
      "version": "3.1.2",
      "resolved": "https://registry.npmjs.org/@vue/reactivity/-/reactivity-3.1.2.tgz",
      "integrity": "sha512-glJzJoN2xE7I2lRvwKM5u1BHRPTd1yc8iaf//Lai/78/uYAvE5DXp5HzWRFOwMlbRvMGJHIQjOqoxj87cDAaag==",
      "dependencies": {
        "@vue/shared": "3.1.2"
      }
    },
    "node_modules/@vue/shared": {
      "version": "3.1.2",
      "resolved": "https://registry.npmjs.org/@vue/shared/-/shared-3.1.2.tgz",
      "integrity": "sha512-EmH/poaDWBPJaPILXNI/1fvUbArJQmmTyVCwvvyDYDFnkPoTclAbHRAtyIvqfez7jybTDn077HTNILpxlsoWhg=="
    },
    "node_modules/alpinejs": {
      "version": "3.1.1",
      "resolved": "https://registry.npmjs.org/alpinejs/-/alpinejs-3.1.1.tgz",
      "integrity": "sha512-svEX82laPua+oqbYlUgX1H7Q+R0GD0V7fOnjZocPBqABmpQGkofPtPV9dGFkgZy7G6q60KFSzkiSwKMw33EFYw==",
      "dependencies": {
        "@vue/reactivity": "^3.0.2"
      }
    }
  },
  "dependencies": {
    "@types/node": {
      "version": "15.12.5",
      "resolved": "https://registry.npmjs.org/@types/node/-/node-15.12.5.tgz",
      "integrity": "sha512-se3yX7UHv5Bscf8f1ERKvQOD6sTyycH3hdaoozvaLxgUiY5lIGEeH37AD0G0Qi9kPqihPn0HOfd2yaIEN9VwEg==",
      "dev": true
    },
    "@vue/reactivity": {
      "version": "3.1.2",
      "resolved": "https://registry.npmjs.org/@vue/reactivity/-/reactivity-3.1.2.tgz",
      "integrity": "sha512-glJzJoN2xE7I2lRvwKM5u1BHRPTd1yc8iaf//Lai/78/uYAvE5DXp5HzWRFOwMlbRvMGJHIQjOqoxj87cDAaag==",
      "requires": {
        "@vue/shared": "3.1.2"
      }
    },
    "@vue/shared": {
      "version": "3.1.2",
      "resolved": "https://registry.npmjs.org/@vue/shared/-/shared-3.1.2.tgz",
      "integrity": "sha512-EmH/poaDWBPJaPILXNI/1fvUbArJQmmTyVCwvvyDYDFnkPoTclAbHRAtyIvqfez7jybTDn077HTNILpxlsoWhg=="
    },
    "alpinejs": {
      "version": "3.1.1",
      "resolved": "https://registry.npmjs.org/alpinejs/-/alpinejs-3.1.1.tgz",
      "integrity": "sha512-svEX82laPua+oqbYlUgX1H7Q+R0GD0V7fOnjZocPBqABmpQGkofPtPV9dGFkgZy7G6q60KFSzkiSwKMw33EFYw==",
      "requires": {
        "@vue/reactivity": "^3.0.2"
      }
    }
  }
}
